
Microsoft Visual Studio Solution File, Format Version 12.00
# Visual Studio Version 16
VisualStudioVersion = 16.0.31321.278
MinimumVisualStudioVersion = 10.0.40219.1
Project("{FAE04EC0-301F-11D3-BF4B-00C04F79EFBC}") = "LifeInsuranceApp", "LifeInsuranceApp\LifeInsuranceApp.csproj", "{50645CB3-5212-4A4C-B461-0A6FBB4CDC95}"
EndProject
Project("{FAE04EC0-301F-11D3-BF4B-00C04F79EFBC}") = "LifeInsurance.Tests", "LifeInsurance.Tests\LifeInsurance.Tests.csproj", "{C654A189-2B00-4902-92F5-32A2375A35A6}"
EndProject
Global
	GlobalSection(SolutionConfigurationPlatforms) = preSolution
		Debug|Any CPU = Debug|Any CPU
		Release|Any CPU = Release|Any CPU
	EndGlobalSection
	GlobalSection(ProjectConfigurationPlatforms) = postSolution
		{50645CB3-5212-4A4C-B461-0A6FBB4CDC95}.Debug|Any CPU.ActiveCfg = Debug|Any CPU
		{50645CB3-5212-4A4C-B461-0A6FBB4CDC95}.Debug|Any CPU.Build.0 = Debug|Any CPU
		{50645CB3-5212-4A4C-B461-0A6FBB4CDC95}.Release|Any CPU.ActiveCfg = Release|Any CPU
		{50645CB3-5212-4A4C-B461-0A6FBB4CDC95}.Release|Any CPU.Build.0 = Release|Any CPU
		{C654A189-2B00-4902-92F5-32A2375A35A6}.Debug|Any CPU.ActiveCfg = Debug|Any CPU
		{C654A189-2B00-4902-92F5-32A2375A35A6}.Debug|Any CPU.Build.0 = Debug|Any CPU
		{C654A189-2B00-4902-92F5-32A2375A35A6}.Release|Any CPU.ActiveCfg = Release|Any CPU
		{C654A189-2B00-4902-92F5-32A2375A35A6}.Release|Any CPU.Build.0 = Release|Any CPU
	EndGlobalSection
	GlobalSection(SolutionProperties) = preSolution
		HideSolutionNode = FALSE
	EndGlobalSection
	GlobalSection(ExtensibilityGlobals) = postSolution
		SolutionGuid = {98D74714-56DE-4436-B7D5-8376A0C3E8E6}
	EndGlobalSection
EndGlobal
